
Microsoft Visual Studio Solution File, Format Version 12.00
# Visual Studio Version 17
VisualStudioVersion = 17.11.35312.102
MinimumVisualStudioVersion = 10.0.40219.1
Project("{FAE04EC0-301F-11D3-BF4B-00C04F79EFBC}") = "ChessSharp", "ChessSharp\ChessSharp.csproj", "{630CF9E0-14E9-4B49-864E-FA1A79D7F981}"
EndProject
Global
	GlobalSection(SolutionConfigurationPlatforms) = preSolution
		Debug|Any CPU = Debug|Any CPU
		Release|Any CPU = Release|Any CPU
	EndGlobalSection
	GlobalSection(ProjectConfigurationPlatforms) = postSolution
		{630CF9E0-14E9-4B49-864E-FA1A79D7F981}.Debug|Any CPU.ActiveCfg = Debug|Any CPU
		{630CF9E0-14E9-4B49-864E-FA1A79D7F981}.Debug|Any CPU.Build.0 = Debug|Any CPU
		{630CF9E0-14E9-4B49-864E-FA1A79D7F981}.Release|Any CPU.ActiveCfg = Release|Any CPU
		{630CF9E0-14E9-4B49-864E-FA1A79D7F981}.Release|Any CPU.Build.0 = Release|Any CPU
	EndGlobalSection
	GlobalSection(SolutionProperties) = preSolution
		HideSolutionNode = FALSE
	EndGlobalSection
	GlobalSection(ExtensibilityGlobals) = postSolution
		SolutionGuid = {D7A966CD-9EAA-426B-881A-3302492ECBB9}
	EndGlobalSection
EndGlobal
